
Microsoft Visual Studio Solution File, Format Version 12.00
# Visual Studio Version 17
VisualStudioVersion = 17.1.32210.238
MinimumVisualStudioVersion = 10.0.40219.1
Project("{FAE04EC0-301F-11D3-BF4B-00C04F79EFBC}") = "Tuan4_1911062004_VoMinhHieu", "Tuan4_1911062004_VoMinhHieu\Tuan4_1911062004_VoMinhHieu.csproj", "{B4B85117-E02C-4512-803F-2861095B6972}"
EndProject
Global
	GlobalSection(SolutionConfigurationPlatforms) = preSolution
		Debug|Any CPU = Debug|Any CPU
		Release|Any CPU = Release|Any CPU
	EndGlobalSection
	GlobalSection(ProjectConfigurationPlatforms) = postSolution
		{B4B85117-E02C-4512-803F-2861095B6972}.Debug|Any CPU.ActiveCfg = Debug|Any CPU
		{B4B85117-E02C-4512-803F-2861095B6972}.Debug|Any CPU.Build.0 = Debug|Any CPU
		{B4B85117-E02C-4512-803F-2861095B6972}.Release|Any CPU.ActiveCfg = Release|Any CPU
		{B4B85117-E02C-4512-803F-2861095B6972}.Release|Any CPU.Build.0 = Release|Any CPU
	EndGlobalSection
	GlobalSection(SolutionProperties) = preSolution
		HideSolutionNode = FALSE
	EndGlobalSection
	GlobalSection(ExtensibilityGlobals) = postSolution
		SolutionGuid = {8130111F-B56C-413B-8C53-436A7B2B12FD}
	EndGlobalSection
EndGlobal
